// !$*UTF8*$!
{
	archiveVersion = 1;
	classes = {
	};
	objectVersion = 56;
	objects = {

/* Begin PBXBuildFile section */
		0315AC9E297EBB7700A91231 /* LobbyGroupView.swift in Sources */ = {isa = PBXBuildFile; fileRef = 0315AC9D297EBB7700A91231 /* LobbyGroupView.swift */; };
		0315ACA2297EDB1300A91231 /* ChatView.swift in Sources */ = {isa = PBXBuildFile; fileRef = 0315AC9F297EDB1200A91231 /* ChatView.swift */; };
		0315ACA3297EDB1300A91231 /* MessageBubble.swift in Sources */ = {isa = PBXBuildFile; fileRef = 0315ACA0297EDB1200A91231 /* MessageBubble.swift */; };
		0315ACA4297EDB1300A91231 /* MessageModel.swift in Sources */ = {isa = PBXBuildFile; fileRef = 0315ACA1297EDB1300A91231 /* MessageModel.swift */; };
		03180E2D2970365D008D8B4B /* SearchBar.swift in Sources */ = {isa = PBXBuildFile; fileRef = 03180E2C2970365D008D8B4B /* SearchBar.swift */; };
		03180E2F29704CD4008D8B4B /* DataController.swift in Sources */ = {isa = PBXBuildFile; fileRef = 03180E2E29704CD4008D8B4B /* DataController.swift */; };
		03180E3229704CF1008D8B4B /* UserData.xcdatamodeld in Sources */ = {isa = PBXBuildFile; fileRef = 03180E3029704CF1008D8B4B /* UserData.xcdatamodeld */; };
		0352C6472976DC4F005080D5 /* LoginViewModel.swift in Sources */ = {isa = PBXBuildFile; fileRef = 0352C6462976DC4F005080D5 /* LoginViewModel.swift */; };
		0352C64B2976EB83005080D5 /* RoutingView.swift in Sources */ = {isa = PBXBuildFile; fileRef = 0352C64A2976EB83005080D5 /* RoutingView.swift */; };
		03554D7E2979DE0E00FCBC3E /* WeatherManager.swift in Sources */ = {isa = PBXBuildFile; fileRef = 03554D7C2979DE0E00FCBC3E /* WeatherManager.swift */; };
		03554D812979DE3100FCBC3E /* LoadingView.swift in Sources */ = {isa = PBXBuildFile; fileRef = 03554D802979DE3000FCBC3E /* LoadingView.swift */; };
		0366D0B6297D5B4200F0F9C0 /* WeatherModel.swift in Sources */ = {isa = PBXBuildFile; fileRef = 0366D0B5297D5B4200F0F9C0 /* WeatherModel.swift */; };
		03784EEF297EEDEE00A60A19 /* LobbyModel.swift in Sources */ = {isa = PBXBuildFile; fileRef = 03784EEE297EEDEE00A60A19 /* LobbyModel.swift */; };
		03784EF2298012E800A60A19 /* MapView.swift in Sources */ = {isa = PBXBuildFile; fileRef = 03784EF1298012E800A60A19 /* MapView.swift */; };
		038B27CE298D661E00ABA10B /* RideInformation.swift in Sources */ = {isa = PBXBuildFile; fileRef = 038B27CD298D661E00ABA10B /* RideInformation.swift */; };
		03B048402971A69400A3D526 /* CustomTextField.swift in Sources */ = {isa = PBXBuildFile; fileRef = 03B0483F2971A69400A3D526 /* CustomTextField.swift */; };
		03B10C252975A19200D7BA14 /* CustomSecureField.swift in Sources */ = {isa = PBXBuildFile; fileRef = 03B10C242975A19200D7BA14 /* CustomSecureField.swift */; };
		03B10C272975AC6600D7BA14 /* GoogleService-Info.plist in Resources */ = {isa = PBXBuildFile; fileRef = 03B10C262975AC6600D7BA14 /* GoogleService-Info.plist */; };
		03B10C2A2975B0B200D7BA14 /* FirebaseAuth in Frameworks */ = {isa = PBXBuildFile; productRef = 03B10C292975B0B200D7BA14 /* FirebaseAuth */; };
		03B10C2F2975CD5000D7BA14 /* FirebaseFirestore in Frameworks */ = {isa = PBXBuildFile; productRef = 03B10C2E2975CD5000D7BA14 /* FirebaseFirestore */; };
		03EED84E296F08F500375523 /* RideView.swift in Sources */ = {isa = PBXBuildFile; fileRef = 03EED84D296F08F500375523 /* RideView.swift */; };
		133E35A2296F15520014CFC9 /* UserView.swift in Sources */ = {isa = PBXBuildFile; fileRef = 133E35A1296F15520014CFC9 /* UserView.swift */; };
		133E35A4296F15690014CFC9 /* HistoryView.swift in Sources */ = {isa = PBXBuildFile; fileRef = 133E35A3296F15690014CFC9 /* HistoryView.swift */; };
		13759042297070080037E095 /* HistoryRowView.swift in Sources */ = {isa = PBXBuildFile; fileRef = 13759041297070080037E095 /* HistoryRowView.swift */; };
		139B2FDF296EFCBB00C33E79 /* Cab_shareApp.swift in Sources */ = {isa = PBXBuildFile; fileRef = 139B2FDE296EFCBB00C33E79 /* Cab_shareApp.swift */; };
		139B2FE3296EFCBC00C33E79 /* Assets.xcassets in Resources */ = {isa = PBXBuildFile; fileRef = 139B2FE2296EFCBC00C33E79 /* Assets.xcassets */; };
		139B2FE6296EFCBC00C33E79 /* Preview Assets.xcassets in Resources */ = {isa = PBXBuildFile; fileRef = 139B2FE5296EFCBC00C33E79 /* Preview Assets.xcassets */; };
		139B2FEF296F138700C33E79 /* MainView.swift in Sources */ = {isa = PBXBuildFile; fileRef = 139B2FEE296F138700C33E79 /* MainView.swift */; };
		13AC16612977F69A00F064B9 /* RideModel.swift in Sources */ = {isa = PBXBuildFile; fileRef = 13AC16602977F69A00F064B9 /* RideModel.swift */; };
		13AC16632977F8B200F064B9 /* RideViewModel.swift in Sources */ = {isa = PBXBuildFile; fileRef = 13AC16622977F8B200F064B9 /* RideViewModel.swift */; };
		2AA545D7297063120058CAE2 /* LoginView.swift in Sources */ = {isa = PBXBuildFile; fileRef = 2AA545D6297063120058CAE2 /* LoginView.swift */; };
/* End PBXBuildFile section */

/* Begin PBXFileReference section */
		0315AC9D297EBB7700A91231 /* LobbyGroupView.swift */ = {isa = PBXFileReference; lastKnownFileType = sourcecode.swift; path = LobbyGroupView.swift; sourceTree = "<group>"; };
		0315AC9F297EDB1200A91231 /* ChatView.swift */ = {isa = PBXFileReference; fileEncoding = 4; lastKnownFileType = sourcecode.swift; path = ChatView.swift; sourceTree = "<group>"; };
		0315ACA0297EDB1200A91231 /* MessageBubble.swift */ = {isa = PBXFileReference; fileEncoding = 4; lastKnownFileType = sourcecode.swift; path = MessageBubble.swift; sourceTree = "<group>"; };
		0315ACA1297EDB1300A91231 /* MessageModel.swift */ = {isa = PBXFileReference; fileEncoding = 4; lastKnownFileType = sourcecode.swift; path = MessageModel.swift; sourceTree = "<group>"; };
		03180E2C2970365D008D8B4B /* SearchBar.swift */ = {isa = PBXFileReference; lastKnownFileType = sourcecode.swift; path = SearchBar.swift; sourceTree = "<group>"; };
		03180E2E29704CD4008D8B4B /* DataController.swift */ = {isa = PBXFileReference; lastKnownFileType = sourcecode.swift; path = DataController.swift; sourceTree = "<group>"; };
		03180E3129704CF1008D8B4B /* UserData.xcdatamodel */ = {isa = PBXFileReference; lastKnownFileType = wrapper.xcdatamodel; path = UserData.xcdatamodel; sourceTree = "<group>"; };
		0352C6462976DC4F005080D5 /* LoginViewModel.swift */ = {isa = PBXFileReference; lastKnownFileType = sourcecode.swift; path = LoginViewModel.swift; sourceTree = "<group>"; };
		0352C64A2976EB83005080D5 /* RoutingView.swift */ = {isa = PBXFileReference; lastKnownFileType = sourcecode.swift; path = RoutingView.swift; sourceTree = "<group>"; };
		03554D7C2979DE0E00FCBC3E /* WeatherManager.swift */ = {isa = PBXFileReference; fileEncoding = 4; lastKnownFileType = sourcecode.swift; path = WeatherManager.swift; sourceTree = "<group>"; };
		03554D802979DE3000FCBC3E /* LoadingView.swift */ = {isa = PBXFileReference; fileEncoding = 4; lastKnownFileType = sourcecode.swift; path = LoadingView.swift; sourceTree = "<group>"; };
		0366D0B5297D5B4200F0F9C0 /* WeatherModel.swift */ = {isa = PBXFileReference; lastKnownFileType = sourcecode.swift; path = WeatherModel.swift; sourceTree = "<group>"; };
		03784EEE297EEDEE00A60A19 /* LobbyModel.swift */ = {isa = PBXFileReference; lastKnownFileType = sourcecode.swift; path = LobbyModel.swift; sourceTree = "<group>"; };
		03784EF1298012E800A60A19 /* MapView.swift */ = {isa = PBXFileReference; lastKnownFileType = sourcecode.swift; path = MapView.swift; sourceTree = "<group>"; };
		038B27CD298D661E00ABA10B /* RideInformation.swift */ = {isa = PBXFileReference; lastKnownFileType = sourcecode.swift; path = RideInformation.swift; sourceTree = "<group>"; };
		03B0483F2971A69400A3D526 /* CustomTextField.swift */ = {isa = PBXFileReference; lastKnownFileType = sourcecode.swift; path = CustomTextField.swift; sourceTree = "<group>"; };
		03B10C242975A19200D7BA14 /* CustomSecureField.swift */ = {isa = PBXFileReference; lastKnownFileType = sourcecode.swift; path = CustomSecureField.swift; sourceTree = "<group>"; };
		03B10C262975AC6600D7BA14 /* GoogleService-Info.plist */ = {isa = PBXFileReference; fileEncoding = 4; lastKnownFileType = text.plist.xml; path = "GoogleService-Info.plist"; sourceTree = "<group>"; };
		03C12B792979D89A00C6803C /* Cab-share-Info.plist */ = {isa = PBXFileReference; lastKnownFileType = text.plist; path = "Cab-share-Info.plist"; sourceTree = SOURCE_ROOT; };
		03EED84D296F08F500375523 /* RideView.swift */ = {isa = PBXFileReference; lastKnownFileType = sourcecode.swift; path = RideView.swift; sourceTree = "<group>"; };
		133E35A1296F15520014CFC9 /* UserView.swift */ = {isa = PBXFileReference; lastKnownFileType = sourcecode.swift; path = UserView.swift; sourceTree = "<group>"; };
		133E35A3296F15690014CFC9 /* HistoryView.swift */ = {isa = PBXFileReference; lastKnownFileType = sourcecode.swift; path = HistoryView.swift; sourceTree = "<group>"; };
		13759041297070080037E095 /* HistoryRowView.swift */ = {isa = PBXFileReference; lastKnownFileType = sourcecode.swift; path = HistoryRowView.swift; sourceTree = "<group>"; };
		139B2FDB296EFCBB00C33E79 /* Cab share.app */ = {isa = PBXFileReference; explicitFileType = wrapper.application; includeInIndex = 0; path = "Cab share.app"; sourceTree = BUILT_PRODUCTS_DIR; };
		139B2FDE296EFCBB00C33E79 /* Cab_shareApp.swift */ = {isa = PBXFileReference; lastKnownFileType = sourcecode.swift; path = Cab_shareApp.swift; sourceTree = "<group>"; };
		139B2FE2296EFCBC00C33E79 /* Assets.xcassets */ = {isa = PBXFileReference; lastKnownFileType = folder.assetcatalog; path = Assets.xcassets; sourceTree = "<group>"; };
		139B2FE5296EFCBC00C33E79 /* Preview Assets.xcassets */ = {isa = PBXFileReference; lastKnownFileType = folder.assetcatalog; path = "Preview Assets.xcassets"; sourceTree = "<group>"; };
		139B2FEE296F138700C33E79 /* MainView.swift */ = {isa = PBXFileReference; lastKnownFileType = sourcecode.swift; path = MainView.swift; sourceTree = "<group>"; };
		13AC16602977F69A00F064B9 /* RideModel.swift */ = {isa = PBXFileReference; lastKnownFileType = sourcecode.swift; path = RideModel.swift; sourceTree = "<group>"; };
		13AC16622977F8B200F064B9 /* RideViewModel.swift */ = {isa = PBXFileReference; lastKnownFileType = sourcecode.swift; path = RideViewModel.swift; sourceTree = "<group>"; };
		2AA545D6297063120058CAE2 /* LoginView.swift */ = {isa = PBXFileReference; lastKnownFileType = sourcecode.swift; path = LoginView.swift; sourceTree = "<group>"; };
/* End PBXFileReference section */

/* Begin PBXFrameworksBuildPhase section */
		139B2FD8296EFCBB00C33E79 /* Frameworks */ = {
			isa = PBXFrameworksBuildPhase;
			buildActionMask = 2147483647;
			files = (
				03B10C2A2975B0B200D7BA14 /* FirebaseAuth in Frameworks */,
				03B10C2F2975CD5000D7BA14 /* FirebaseFirestore in Frameworks */,
			);
			runOnlyForDeploymentPostprocessing = 0;
		};
/* End PBXFrameworksBuildPhase section */

/* Begin PBXGroup section */
		0315AC9C297EBB6100A91231 /* Lobby */ = {
			isa = PBXGroup;
			children = (
				0315AC9F297EDB1200A91231 /* ChatView.swift */,
				0315ACA1297EDB1300A91231 /* MessageModel.swift */,
				0315ACA0297EDB1200A91231 /* MessageBubble.swift */,
				0315AC9D297EBB7700A91231 /* LobbyGroupView.swift */,
				03784EEE297EEDEE00A60A19 /* LobbyModel.swift */,
			);
			path = Lobby;
			sourceTree = "<group>";
		};
		03554D7B2979DE0E00FCBC3E /* Weather */ = {
			isa = PBXGroup;
			children = (
				03554D7C2979DE0E00FCBC3E /* WeatherManager.swift */,
				0366D0B5297D5B4200F0F9C0 /* WeatherModel.swift */,
			);
			path = Weather;
			sourceTree = "<group>";
		};
		03784EF0298012D900A60A19 /* Map */ = {
			isa = PBXGroup;
			children = (
				03784EF1298012E800A60A19 /* MapView.swift */,
			);
			path = Map;
			sourceTree = "<group>";
		};
		03B10C2D2975CD5000D7BA14 /* Frameworks */ = {
			isa = PBXGroup;
			children = (
			);
			name = Frameworks;
			sourceTree = "<group>";
		};
		13351BB62975A380000893CA /* Data */ = {
			isa = PBXGroup;
			children = (
				03180E3029704CF1008D8B4B /* UserData.xcdatamodeld */,
				03180E2E29704CD4008D8B4B /* DataController.swift */,
			);
			path = Data;
			sourceTree = "<group>";
		};
		13351BB72975A397000893CA /* Login */ = {
			isa = PBXGroup;
			children = (
				2AA545D6297063120058CAE2 /* LoginView.swift */,
				0352C6462976DC4F005080D5 /* LoginViewModel.swift */,
				03B10C242975A19200D7BA14 /* CustomSecureField.swift */,
				03B0483F2971A69400A3D526 /* CustomTextField.swift */,
			);
			path = Login;
			sourceTree = "<group>";
		};
		13351BB82975A3B7000893CA /* RideView */ = {
			isa = PBXGroup;
			children = (
				13AC16602977F69A00F064B9 /* RideModel.swift */,
				13AC16622977F8B200F064B9 /* RideViewModel.swift */,
				03180E2C2970365D008D8B4B /* SearchBar.swift */,
				03EED84D296F08F500375523 /* RideView.swift */,
				038B27CD298D661E00ABA10B /* RideInformation.swift */,
			);
			path = RideView;
			sourceTree = "<group>";
		};
		13351BB92975A3CA000893CA /* RideHistory */ = {
			isa = PBXGroup;
			children = (
				133E35A3296F15690014CFC9 /* HistoryView.swift */,
				13759041297070080037E095 /* HistoryRowView.swift */,
			);
			path = RideHistory;
			sourceTree = "<group>";
		};
		139B2FD2296EFCBB00C33E79 = {
			isa = PBXGroup;
			children = (
				03B10C262975AC6600D7BA14 /* GoogleService-Info.plist */,
				139B2FDD296EFCBB00C33E79 /* Cab share */,
				139B2FDC296EFCBB00C33E79 /* Products */,
				03B10C2D2975CD5000D7BA14 /* Frameworks */,
			);
			sourceTree = "<group>";
		};
		139B2FDC296EFCBB00C33E79 /* Products */ = {
			isa = PBXGroup;
			children = (
				139B2FDB296EFCBB00C33E79 /* Cab share.app */,
			);
			name = Products;
			sourceTree = "<group>";
		};
		139B2FDD296EFCBB00C33E79 /* Cab share */ = {
			isa = PBXGroup;
			children = (
				03C12B792979D89A00C6803C /* Cab-share-Info.plist */,
				0352C64A2976EB83005080D5 /* RoutingView.swift */,
				139B2FDE296EFCBB00C33E79 /* Cab_shareApp.swift */,
				03554D802979DE3000FCBC3E /* LoadingView.swift */,
				139B2FEE296F138700C33E79 /* MainView.swift */,
				133E35A1296F15520014CFC9 /* UserView.swift */,
				03784EF0298012D900A60A19 /* Map */,
				0315AC9C297EBB6100A91231 /* Lobby */,
				03554D7B2979DE0E00FCBC3E /* Weather */,
				13351BB82975A3B7000893CA /* RideView */,
				13351BB92975A3CA000893CA /* RideHistory */,
				13351BB72975A397000893CA /* Login */,
				13351BB62975A380000893CA /* Data */,
				139B2FE2296EFCBC00C33E79 /* Assets.xcassets */,
				139B2FE4296EFCBC00C33E79 /* Preview Content */,
			);
			path = "Cab share";
			sourceTree = "<group>";
		};
		139B2FE4296EFCBC00C33E79 /* Preview Content */ = {
			isa = PBXGroup;
			children = (
				139B2FE5296EFCBC00C33E79 /* Preview Assets.xcassets */,
			);
			path = "Preview Content";
			sourceTree = "<group>";
		};
/* End PBXGroup section */

/* Begin PBXNativeTarget section */
		139B2FDA296EFCBB00C33E79 /* Cab share */ = {
			isa = PBXNativeTarget;
			buildConfigurationList = 139B2FE9296EFCBC00C33E79 /* Build configuration list for PBXNativeTarget "Cab share" */;
			buildPhases = (
				139B2FD7296EFCBB00C33E79 /* Sources */,
				139B2FD8296EFCBB00C33E79 /* Frameworks */,
				139B2FD9296EFCBB00C33E79 /* Resources */,
				13759043297190860037E095 /* ShellScript */,
			);
			buildRules = (
			);
			dependencies = (
			);
			name = "Cab share";
			packageProductDependencies = (
				03B10C292975B0B200D7BA14 /* FirebaseAuth */,
				03B10C2E2975CD5000D7BA14 /* FirebaseFirestore */,
			);
			productName = "Cab share";
			productReference = 139B2FDB296EFCBB00C33E79 /* Cab share.app */;
			productType = "com.apple.product-type.application";
		};
/* End PBXNativeTarget section */

/* Begin PBXProject section */
		139B2FD3296EFCBB00C33E79 /* Project object */ = {
			isa = PBXProject;
			attributes = {
				BuildIndependentTargetsInParallel = 1;
				LastSwiftUpdateCheck = 1400;
				LastUpgradeCheck = 1400;
				TargetAttributes = {
					139B2FDA296EFCBB00C33E79 = {
						CreatedOnToolsVersion = 14.0.1;
					};
				};
			};
			buildConfigurationList = 139B2FD6296EFCBB00C33E79 /* Build configuration list for PBXProject "Cab share" */;
			compatibilityVersion = "Xcode 14.0";
			developmentRegion = en;
			hasScannedForEncodings = 0;
			knownRegions = (
				en,
				Base,
			);
			mainGroup = 139B2FD2296EFCBB00C33E79;
			packageReferences = (
				03B10C282975B0B200D7BA14 /* XCRemoteSwiftPackageReference "firebase-ios-sdk" */,
			);
			productRefGroup = 139B2FDC296EFCBB00C33E79 /* Products */;
			projectDirPath = "";
			projectRoot = "";
			targets = (
				139B2FDA296EFCBB00C33E79 /* Cab share */,
			);
		};
/* End PBXProject section */

/* Begin PBXResourcesBuildPhase section */
		139B2FD9296EFCBB00C33E79 /* Resources */ = {
			isa = PBXResourcesBuildPhase;
			buildActionMask = 2147483647;
			files = (
				139B2FE6296EFCBC00C33E79 /* Preview Assets.xcassets in Resources */,
				139B2FE3296EFCBC00C33E79 /* Assets.xcassets in Resources */,
				03B10C272975AC6600D7BA14 /* GoogleService-Info.plist in Resources */,
			);
			runOnlyForDeploymentPostprocessing = 0;
		};
/* End PBXResourcesBuildPhase section */

/* Begin PBXShellScriptBuildPhase section */
		13759043297190860037E095 /* ShellScript */ = {
			isa = PBXShellScriptBuildPhase;
			buildActionMask = 2147483647;
			files = (
			);
			inputFileListPaths = (
			);
			inputPaths = (
			);
			outputFileListPaths = (
			);
			outputPaths = (
			);
			runOnlyForDeploymentPostprocessing = 0;
			shellPath = /bin/sh;
			shellScript = "export PATH=\"$PATH:/opt/homebrew/bin\"\nif which swiftlint >/dev/null; then\n    swiftlint\nelse\n    echo \"Warning: swiftlint not installed, download from https://github.com/realm/SwiftLint\"\nfi\n";
		};
/* End PBXShellScriptBuildPhase section */

/* Begin PBXSourcesBuildPhase section */
		139B2FD7296EFCBB00C33E79 /* Sources */ = {
			isa = PBXSourcesBuildPhase;
			buildActionMask = 2147483647;
			files = (
				0315ACA4297EDB1300A91231 /* MessageModel.swift in Sources */,
				03784EF2298012E800A60A19 /* MapView.swift in Sources */,
				0315ACA3297EDB1300A91231 /* MessageBubble.swift in Sources */,
				03180E3229704CF1008D8B4B /* UserData.xcdatamodeld in Sources */,
				0352C64B2976EB83005080D5 /* RoutingView.swift in Sources */,
				13759042297070080037E095 /* HistoryRowView.swift in Sources */,
				038B27CE298D661E00ABA10B /* RideInformation.swift in Sources */,
				0366D0B6297D5B4200F0F9C0 /* WeatherModel.swift in Sources */,
				03EED84E296F08F500375523 /* RideView.swift in Sources */,
				0315AC9E297EBB7700A91231 /* LobbyGroupView.swift in Sources */,
				13AC16612977F69A00F064B9 /* RideModel.swift in Sources */,
				03180E2D2970365D008D8B4B /* SearchBar.swift in Sources */,
				03B10C252975A19200D7BA14 /* CustomSecureField.swift in Sources */,
				133E35A4296F15690014CFC9 /* HistoryView.swift in Sources */,
				133E35A2296F15520014CFC9 /* UserView.swift in Sources */,
				13AC16632977F8B200F064B9 /* RideViewModel.swift in Sources */,
				03180E2F29704CD4008D8B4B /* DataController.swift in Sources */,
				0352C6472976DC4F005080D5 /* LoginViewModel.swift in Sources */,
				0315ACA2297EDB1300A91231 /* ChatView.swift in Sources */,
				03554D7E2979DE0E00FCBC3E /* WeatherManager.swift in Sources */,
				139B2FEF296F138700C33E79 /* MainView.swift in Sources */,
				03B048402971A69400A3D526 /* CustomTextField.swift in Sources */,
				2AA545D7297063120058CAE2 /* LoginView.swift in Sources */,
				139B2FDF296EFCBB00C33E79 /* Cab_shareApp.swift in Sources */,
				03554D812979DE3100FCBC3E /* LoadingView.swift in Sources */,
				03784EEF297EEDEE00A60A19 /* LobbyModel.swift in Sources */,
			);
			runOnlyForDeploymentPostprocessing = 0;
		};
/* End PBXSourcesBuildPhase section */

/* Begin XCBuildConfiguration section */
		139B2FE7296EFCBC00C33E79 /* Debug */ = {
			isa = XCBuildConfiguration;
			buildSettings = {
				ALWAYS_SEARCH_USER_PATHS = NO;
				CLANG_ANALYZER_NONNULL = YES;
				CLANG_ANALYZER_NUMBER_OBJECT_CONVERSION = YES_AGGRESSIVE;
				CLANG_CXX_LANGUAGE_STANDARD = "gnu++20";
				CLANG_ENABLE_MODULES = YES;
				CLANG_ENABLE_OBJC_ARC = YES;
				CLANG_ENABLE_OBJC_WEAK = YES;
				CLANG_WARN_BLOCK_CAPTURE_AUTORELEASING = YES;
				CLANG_WARN_BOOL_CONVERSION = YES;
				CLANG_WARN_COMMA = YES;
				CLANG_WARN_CONSTANT_CONVERSION = YES;
				CLANG_WARN_DEPRECATED_OBJC_IMPLEMENTATIONS = YES;
				CLANG_WARN_DIRECT_OBJC_ISA_USAGE = YES_ERROR;
				CLANG_WARN_DOCUMENTATION_COMMENTS = YES;
				CLANG_WARN_EMPTY_BODY = YES;
				CLANG_WARN_ENUM_CONVERSION = YES;
				CLANG_WARN_INFINITE_RECURSION = YES;
				CLANG_WARN_INT_CONVERSION = YES;
				CLANG_WARN_NON_LITERAL_NULL_CONVERSION = YES;
				CLANG_WARN_OBJC_IMPLICIT_RETAIN_SELF = YES;
				CLANG_WARN_OBJC_LITERAL_CONVERSION = YES;
				CLANG_WARN_OBJC_ROOT_CLASS = YES_ERROR;
				CLANG_WARN_QUOTED_INCLUDE_IN_FRAMEWORK_HEADER = YES;
				CLANG_WARN_RANGE_LOOP_ANALYSIS = YES;
				CLANG_WARN_STRICT_PROTOTYPES = YES;
				CLANG_WARN_SUSPICIOUS_MOVE = YES;
				CLANG_WARN_UNGUARDED_AVAILABILITY = YES_AGGRESSIVE;
				CLANG_WARN_UNREACHABLE_CODE = YES;
				CLANG_WARN__DUPLICATE_METHOD_MATCH = YES;
				COPY_PHASE_STRIP = NO;
				DEBUG_INFORMATION_FORMAT = dwarf;
				ENABLE_STRICT_OBJC_MSGSEND = YES;
				ENABLE_TESTABILITY = YES;
				GCC_C_LANGUAGE_STANDARD = gnu11;
				GCC_DYNAMIC_NO_PIC = NO;
				GCC_NO_COMMON_BLOCKS = YES;
				GCC_OPTIMIZATION_LEVEL = 0;
				GCC_PREPROCESSOR_DEFINITIONS = (
					"DEBUG=1",
					"$(inherited)",
				);
				GCC_WARN_64_TO_32_BIT_CONVERSION = YES;
				GCC_WARN_ABOUT_RETURN_TYPE = YES_ERROR;
				GCC_WARN_UNDECLARED_SELECTOR = YES;
				GCC_WARN_UNINITIALIZED_AUTOS = YES_AGGRESSIVE;
				GCC_WARN_UNUSED_FUNCTION = YES;
				GCC_WARN_UNUSED_VARIABLE = YES;
				INFOPLIST_KEY_NSLocationAlwaysAndWhenInUseUsageDescription = "";
				INFOPLIST_KEY_NSLocationAlwaysUsageDescription = "The app need to know you position for weather and welocome massage with information about the position";
				INFOPLIST_KEY_NSLocationWhenInUseUsageDescription = "The app need to know you position for weather and welocome massage with information about the position";
				IPHONEOS_DEPLOYMENT_TARGET = 16.0;
				MTL_ENABLE_DEBUG_INFO = INCLUDE_SOURCE;
				MTL_FAST_MATH = YES;
				ONLY_ACTIVE_ARCH = YES;
				SDKROOT = iphoneos;
				SWIFT_ACTIVE_COMPILATION_CONDITIONS = DEBUG;
				SWIFT_OPTIMIZATION_LEVEL = "-Onone";
			};
			name = Debug;
		};
		139B2FE8296EFCBC00C33E79 /* Release */ = {
			isa = XCBuildConfiguration;
			buildSettings = {
				ALWAYS_SEARCH_USER_PATHS = NO;
				CLANG_ANALYZER_NONNULL = YES;
				CLANG_ANALYZER_NUMBER_OBJECT_CONVERSION = YES_AGGRESSIVE;
				CLANG_CXX_LANGUAGE_STANDARD = "gnu++20";
				CLANG_ENABLE_MODULES = YES;
				CLANG_ENABLE_OBJC_ARC = YES;
				CLANG_ENABLE_OBJC_WEAK = YES;
				CLANG_WARN_BLOCK_CAPTURE_AUTORELEASING = YES;
				CLANG_WARN_BOOL_CONVERSION = YES;
				CLANG_WARN_COMMA = YES;
				CLANG_WARN_CONSTANT_CONVERSION = YES;
				CLANG_WARN_DEPRECATED_OBJC_IMPLEMENTATIONS = YES;
				CLANG_WARN_DIRECT_OBJC_ISA_USAGE = YES_ERROR;
				CLANG_WARN_DOCUMENTATION_COMMENTS = YES;
				CLANG_WARN_EMPTY_BODY = YES;
				CLANG_WARN_ENUM_CONVERSION = YES;
				CLANG_WARN_INFINITE_RECURSION = YES;
				CLANG_WARN_INT_CONVERSION = YES;
				CLANG_WARN_NON_LITERAL_NULL_CONVERSION = YES;
				CLANG_WARN_OBJC_IMPLICIT_RETAIN_SELF = YES;
				CLANG_WARN_OBJC_LITERAL_CONVERSION = YES;
				CLANG_WARN_OBJC_ROOT_CLASS = YES_ERROR;
				CLANG_WARN_QUOTED_INCLUDE_IN_FRAMEWORK_HEADER = YES;
				CLANG_WARN_RANGE_LOOP_ANALYSIS = YES;
				CLANG_WARN_STRICT_PROTOTYPES = YES;
				CLANG_WARN_SUSPICIOUS_MOVE = YES;
				CLANG_WARN_UNGUARDED_AVAILABILITY = YES_AGGRESSIVE;
				CLANG_WARN_UNREACHABLE_CODE = YES;
				CLANG_WARN__DUPLICATE_METHOD_MATCH = YES;
				COPY_PHASE_STRIP = NO;
				DEBUG_INFORMATION_FORMAT = "dwarf-with-dsym";
				ENABLE_NS_ASSERTIONS = NO;
				ENABLE_STRICT_OBJC_MSGSEND = YES;
				GCC_C_LANGUAGE_STANDARD = gnu11;
				GCC_NO_COMMON_BLOCKS = YES;
				GCC_WARN_64_TO_32_BIT_CONVERSION = YES;
				GCC_WARN_ABOUT_RETURN_TYPE = YES_ERROR;
				GCC_WARN_UNDECLARED_SELECTOR = YES;
				GCC_WARN_UNINITIALIZED_AUTOS = YES_AGGRESSIVE;
				GCC_WARN_UNUSED_FUNCTION = YES;
				GCC_WARN_UNUSED_VARIABLE = YES;
				INFOPLIST_KEY_NSLocationAlwaysAndWhenInUseUsageDescription = "";
				INFOPLIST_KEY_NSLocationAlwaysUsageDescription = "The app need to know you position for weather and welocome massage with information about the position";
				INFOPLIST_KEY_NSLocationWhenInUseUsageDescription = "The app need to know you position for weather and welocome massage with information about the position";
				IPHONEOS_DEPLOYMENT_TARGET = 16.0;
				MTL_ENABLE_DEBUG_INFO = NO;
				MTL_FAST_MATH = YES;
				SDKROOT = iphoneos;
				SWIFT_COMPILATION_MODE = wholemodule;
				SWIFT_OPTIMIZATION_LEVEL = "-O";
				VALIDATE_PRODUCT = YES;
			};
			name = Release;
		};
		139B2FEA296EFCBC00C33E79 /* Debug */ = {
			isa = XCBuildConfiguration;
			buildSettings = {
				ASSETCATALOG_COMPILER_APPICON_NAME = AppIcon;
				ASSETCATALOG_COMPILER_GLOBAL_ACCENT_COLOR_NAME = AccentColor;
				CODE_SIGN_STYLE = Automatic;
				CURRENT_PROJECT_VERSION = 1;
				DEVELOPMENT_ASSET_PATHS = "\"Cab share/Preview Content\"";
				DEVELOPMENT_TEAM = 78L5ZLXN57;
				ENABLE_PREVIEWS = YES;
				GENERATE_INFOPLIST_FILE = YES;
				INFOPLIST_FILE = "Cab-share-Info.plist";
				INFOPLIST_KEY_NSLocationAlwaysAndWhenInUseUsageDescription = "";
				INFOPLIST_KEY_NSLocationAlwaysUsageDescription = "The app need to know you position for weather and welocome massage with information about the position";
				INFOPLIST_KEY_NSLocationWhenInUseUsageDescription = "The app need to know you position for weather and welocome massage with information about the position";
				INFOPLIST_KEY_UIApplicationSceneManifest_Generation = YES;
				INFOPLIST_KEY_UIApplicationSupportsIndirectInputEvents = YES;
				INFOPLIST_KEY_UILaunchScreen_Generation = YES;
				INFOPLIST_KEY_UIStatusBarStyle = "";
				INFOPLIST_KEY_UISupportedInterfaceOrientations_iPad = "UIInterfaceOrientationPortrait UIInterfaceOrientationPortraitUpsideDown UIInterfaceOrientationLandscapeLeft UIInterfaceOrientationLandscapeRight";
				INFOPLIST_KEY_UISupportedInterfaceOrientations_iPhone = "UIInterfaceOrientationPortrait UIInterfaceOrientationLandscapeLeft UIInterfaceOrientationLandscapeRight";
				LD_RUNPATH_SEARCH_PATHS = (
					"$(inherited)",
					"@executable_path/Frameworks",
				);
				MARKETING_VERSION = 1.0;
				PRODUCT_BUNDLE_IDENTIFIER = "slavny1.Cab-share";
				PRODUCT_NAME = "$(TARGET_NAME)";
				SWIFT_EMIT_LOC_STRINGS = YES;
				SWIFT_VERSION = 5.0;
				TARGETED_DEVICE_FAMILY = "1,2";
			};
			name = Debug;
		};
		139B2FEB296EFCBC00C33E79 /* Release */ = {
			isa = XCBuildConfiguration;
			buildSettings = {
				ASSETCATALOG_COMPILER_APPICON_NAME = AppIcon;
				ASSETCATALOG_COMPILER_GLOBAL_ACCENT_COLOR_NAME = AccentColor;
				CODE_SIGN_STYLE = Automatic;
				CURRENT_PROJECT_VERSION = 1;
				DEVELOPMENT_ASSET_PATHS = "\"Cab share/Preview Content\"";
				DEVELOPMENT_TEAM = 78L5ZLXN57;
				ENABLE_PREVIEWS = YES;
				GENERATE_INFOPLIST_FILE = YES;
				INFOPLIST_FILE = "Cab-share-Info.plist";
				INFOPLIST_KEY_NSLocationAlwaysAndWhenInUseUsageDescription = "";
				INFOPLIST_KEY_NSLocationAlwaysUsageDescription = "The app need to know you position for weather and welocome massage with information about the position";
				INFOPLIST_KEY_NSLocationWhenInUseUsageDescription = "The app need to know you position for weather and welocome massage with information about the position";
				INFOPLIST_KEY_UIApplicationSceneManifest_Generation = YES;
				INFOPLIST_KEY_UIApplicationSupportsIndirectInputEvents = YES;
				INFOPLIST_KEY_UILaunchScreen_Generation = YES;
				INFOPLIST_KEY_UIStatusBarStyle = "";
				INFOPLIST_KEY_UISupportedInterfaceOrientations_iPad = "UIInterfaceOrientationPortrait UIInterfaceOrientationPortraitUpsideDown UIInterfaceOrientationLandscapeLeft UIInterfaceOrientationLandscapeRight";
				INFOPLIST_KEY_UISupportedInterfaceOrientations_iPhone = "UIInterfaceOrientationPortrait UIInterfaceOrientationLandscapeLeft UIInterfaceOrientationLandscapeRight";
				LD_RUNPATH_SEARCH_PATHS = (
					"$(inherited)",
					"@executable_path/Frameworks",
				);
				MARKETING_VERSION = 1.0;
				PRODUCT_BUNDLE_IDENTIFIER = "slavny1.Cab-share";
				PRODUCT_NAME = "$(TARGET_NAME)";
				SWIFT_EMIT_LOC_STRINGS = YES;
				SWIFT_VERSION = 5.0;
				TARGETED_DEVICE_FAMILY = "1,2";
			};
			name = Release;
		};
/* End XCBuildConfiguration section */

/* Begin XCConfigurationList section */
		139B2FD6296EFCBB00C33E79 /* Build configuration list for PBXProject "Cab share" */ = {
			isa = XCConfigurationList;
			buildConfigurations = (
				139B2FE7296EFCBC00C33E79 /* Debug */,
				139B2FE8296EFCBC00C33E79 /* Release */,
			);
			defaultConfigurationIsVisible = 0;
			defaultConfigurationName = Release;
		};
		139B2FE9296EFCBC00C33E79 /* Build configuration list for PBXNativeTarget "Cab share" */ = {
			isa = XCConfigurationList;
			buildConfigurations = (
				139B2FEA296EFCBC00C33E79 /* Debug */,
				139B2FEB296EFCBC00C33E79 /* Release */,
			);
			defaultConfigurationIsVisible = 0;
			defaultConfigurationName = Release;
		};
/* End XCConfigurationList section */

/* Begin XCRemoteSwiftPackageReference section */
		03B10C282975B0B200D7BA14 /* XCRemoteSwiftPackageReference "firebase-ios-sdk" */ = {
			isa = XCRemoteSwiftPackageReference;
			repositoryURL = "https://github.com/firebase/firebase-ios-sdk";
			requirement = {
				kind = upToNextMajorVersion;
				minimumVersion = 9.0.0;
			};
		};
/* End XCRemoteSwiftPackageReference section */

/* Begin XCSwiftPackageProductDependency section */
		03B10C292975B0B200D7BA14 /* FirebaseAuth */ = {
			isa = XCSwiftPackageProductDependency;
			package = 03B10C282975B0B200D7BA14 /* XCRemoteSwiftPackageReference "firebase-ios-sdk" */;
			productName = FirebaseAuth;
		};
		03B10C2E2975CD5000D7BA14 /* FirebaseFirestore */ = {
			isa = XCSwiftPackageProductDependency;
			package = 03B10C282975B0B200D7BA14 /* XCRemoteSwiftPackageReference "firebase-ios-sdk" */;
			productName = FirebaseFirestore;
		};
/* End XCSwiftPackageProductDependency section */

/* Begin XCVersionGroup section */
		03180E3029704CF1008D8B4B /* UserData.xcdatamodeld */ = {
			isa = XCVersionGroup;
			children = (
				03180E3129704CF1008D8B4B /* UserData.xcdatamodel */,
			);
			currentVersion = 03180E3129704CF1008D8B4B /* UserData.xcdatamodel */;
			path = UserData.xcdatamodeld;
			sourceTree = "<group>";
			versionGroupType = wrapper.xcdatamodel;
		};
/* End XCVersionGroup section */
	};
	rootObject = 139B2FD3296EFCBB00C33E79 /* Project object */;
}
